// !$*UTF8*$!
{
	archiveVersion = 1;
	classes = {
	};
	objectVersion = 46;
	objects = {

/* Begin PBXBuildFile section */
		BCA792A71DC0F27700B0AD28 /* AppDelegate.swift in Sources */ = {isa = PBXBuildFile; fileRef = BCA792A61DC0F27700B0AD28 /* AppDelegate.swift */; };
		BCA792A91DC0F27700B0AD28 /* ViewController.swift in Sources */ = {isa = PBXBuildFile; fileRef = BCA792A81DC0F27700B0AD28 /* ViewController.swift */; };
		BCA792AC1DC0F27800B0AD28 /* Main.storyboard in Resources */ = {isa = PBXBuildFile; fileRef = BCA792AA1DC0F27800B0AD28 /* Main.storyboard */; };
		BCA792AE1DC0F27800B0AD28 /* Assets.xcassets in Resources */ = {isa = PBXBuildFile; fileRef = BCA792AD1DC0F27800B0AD28 /* Assets.xcassets */; };
		BCA792B11DC0F27800B0AD28 /* LaunchScreen.storyboard in Resources */ = {isa = PBXBuildFile; fileRef = BCA792AF1DC0F27800B0AD28 /* LaunchScreen.storyboard */; };
/* End PBXBuildFile section */

/* Begin PBXFileReference section */
		BCA792A31DC0F27600B0AD28 /* HYReader.app */ = {isa = PBXFileReference; explicitFileType = wrapper.application; includeInIndex = 0; path = HYReader.app; sourceTree = BUILT_PRODUCTS_DIR; };
		BCA792A61DC0F27700B0AD28 /* AppDelegate.swift */ = {isa = PBXFileReference; lastKnownFileType = sourcecode.swift; path = AppDelegate.swift; sourceTree = "<group>"; };
		BCA792A81DC0F27700B0AD28 /* ViewController.swift */ = {isa = PBXFileReference; lastKnownFileType = sourcecode.swift; path = ViewController.swift; sourceTree = "<group>"; };
		BCA792AB1DC0F27800B0AD28 /* Base */ = {isa = PBXFileReference; lastKnownFileType = file.storyboard; name = Base; path = Base.lproj/Main.storyboard; sourceTree = "<group>"; };
		BCA792AD1DC0F27800B0AD28 /* Assets.xcassets */ = {isa = PBXFileReference; lastKnownFileType = folder.assetcatalog; path = Assets.xcassets; sourceTree = "<group>"; };
		BCA792B01DC0F27800B0AD28 /* Base */ = {isa = PBXFileReference; lastKnownFileType = file.storyboard; name = Base; path = Base.lproj/LaunchScreen.storyboard; sourceTree = "<group>"; };
		BCA792B21DC0F27800B0AD28 /* Info.plist */ = {isa = PBXFileReference; lastKnownFileType = text.plist.xml; path = Info.plist; sourceTree = "<group>"; };
/* End PBXFileReference section */

/* Begin PBXFrameworksBuildPhase section */
		BCA792A01DC0F27500B0AD28 /* Frameworks */ = {
			isa = PBXFrameworksBuildPhase;
			buildActionMask = 2147483647;
			files = (
			);
			runOnlyForDeploymentPostprocessing = 0;
		};
/* End PBXFrameworksBuildPhase section */

/* Begin PBXGroup section */
		BCA7929A1DC0F27500B0AD28 = {
			isa = PBXGroup;
			children = (
				BCA792A51DC0F27700B0AD28 /* HYReader */,
				BCA792A41DC0F27600B0AD28 /* Products */,
			);
			sourceTree = "<group>";
		};
		BCA792A41DC0F27600B0AD28 /* Products */ = {
			isa = PBXGroup;
			children = (
				BCA792A31DC0F27600B0AD28 /* HYReader.app */,
			);
			name = Products;
			sourceTree = "<group>";
		};
		BCA792A51DC0F27700B0AD28 /* HYReader */ = {
			isa = PBXGroup;
			children = (
				BCA792A61DC0F27700B0AD28 /* AppDelegate.swift */,
				BCA792A81DC0F27700B0AD28 /* ViewController.swift */,
				BCA792AA1DC0F27800B0AD28 /* Main.storyboard */,
				BCA792AD1DC0F27800B0AD28 /* Assets.xcassets */,
				BCA792AF1DC0F27800B0AD28 /* LaunchScreen.storyboard */,
				BCA792B21DC0F27800B0AD28 /* Info.plist */,
			);
			path = HYReader;
			sourceTree = "<group>";
		};
/* End PBXGroup section */

/* Begin PBXNativeTarget section */
		BCA792A21DC0F27500B0AD28 /* HYReader */ = {
			isa = PBXNativeTarget;
			buildConfigurationList = BCA792B51DC0F27800B0AD28 /* Build configuration list for PBXNativeTarget "HYReader" */;
			buildPhases = (
				BCA7929F1DC0F27500B0AD28 /* Sources */,
				BCA792A01DC0F27500B0AD28 /* Frameworks */,
				BCA792A11DC0F27500B0AD28 /* Resources */,
			);
			buildRules = (
			);
			dependencies = (
			);
			name = HYReader;
			productName = HYReader;
			productReference = BCA792A31DC0F27600B0AD28 /* HYReader.app */;
			productType = "com.apple.product-type.application";
		};
/* End PBXNativeTarget section */

/* Begin PBXProject section */
		BCA7929B1DC0F27500B0AD28 /* Project object */ = {
			isa = PBXProject;
			attributes = {
				LastSwiftUpdateCheck = 0730;
				LastUpgradeCheck = 0730;
				ORGANIZATIONNAME = heyang;
				TargetAttributes = {
					BCA792A21DC0F27500B0AD28 = {
						CreatedOnToolsVersion = 7.3.1;
					};
				};
			};
			buildConfigurationList = BCA7929E1DC0F27500B0AD28 /* Build configuration list for PBXProject "HYReader" */;
			compatibilityVersion = "Xcode 3.2";
			developmentRegion = English;
			hasScannedForEncodings = 0;
			knownRegions = (
				en,
				Base,
			);
			mainGroup = BCA7929A1DC0F27500B0AD28;
			productRefGroup = BCA792A41DC0F27600B0AD28 /* Products */;
			projectDirPath = "";
			projectRoot = "";
			targets = (
				BCA792A21DC0F27500B0AD28 /* HYReader */,
			);
		};
/* End PBXProject section */

/* Begin PBXResourcesBuildPhase section */
		BCA792A11DC0F27500B0AD28 /* Resources */ = {
			isa = PBXResourcesBuildPhase;
			buildActionMask = 2147483647;
			files = (
				BCA792B11DC0F27800B0AD28 /* LaunchScreen.storyboard in Resources */,
				BCA792AE1DC0F27800B0AD28 /* Assets.xcassets in Resources */,
				BCA792AC1DC0F27800B0AD28 /* Main.storyboard in Resources */,
			);
			runOnlyForDeploymentPostprocessing = 0;
		};
/* End PBXResourcesBuildPhase section */

/* Begin PBXSourcesBuildPhase section */
		BCA7929F1DC0F27500B0AD28 /* Sources */ = {
			isa = PBXSourcesBuildPhase;
			buildActionMask = 2147483647;
			files = (
				BCA792A91DC0F27700B0AD28 /* ViewController.swift in Sources */,
				BCA792A71DC0F27700B0AD28 /* AppDelegate.swift in Sources */,
			);
			runOnlyForDeploymentPostprocessing = 0;
		};
/* End PBXSourcesBuildPhase section */

/* Begin PBXVariantGroup section */
		BCA792AA1DC0F27800B0AD28 /* Main.storyboard */ = {
			isa = PBXVariantGroup;
			children = (
				BCA792AB1DC0F27800B0AD28 /* Base */,
			);
			name = Main.storyboard;
			sourceTree = "<group>";
		};
		BCA792AF1DC0F27800B0AD28 /* LaunchScreen.storyboard */ = {
			isa = PBXVariantGroup;
			children = (
				BCA792B01DC0F27800B0AD28 /* Base */,
			);
			name = LaunchScreen.storyboard;
			sourceTree = "<group>";
		};
/* End PBXVariantGroup section */

/* Begin XCBuildConfiguration section */
		BCA792B31DC0F27800B0AD28 /* Debug */ = {
			isa = XCBuildConfiguration;
			buildSettings = {
				ALWAYS_SEARCH_USER_PATHS = NO;
				CLANG_ANALYZER_NONNULL = YES;
				CLANG_CXX_LANGUAGE_STANDARD = "gnu++0x";
				CLANG_CXX_LIBRARY = "libc++";
				CLANG_ENABLE_MODULES = YES;
				CLANG_ENABLE_OBJC_ARC = YES;
				CLANG_WARN_BOOL_CONVERSION = YES;
				CLANG_WARN_CONSTANT_CONVERSION = YES;
				CLANG_WARN_DIRECT_OBJC_ISA_USAGE = YES_ERROR;
				CLANG_WARN_EMPTY_BODY = YES;
				CLANG_WARN_ENUM_CONVERSION = YES;
				CLANG_WARN_INT_CONVERSION = YES;
				CLANG_WARN_OBJC_ROOT_CLASS = YES_ERROR;
				CLANG_WARN_UNREACHABLE_CODE = YES;
				CLANG_WARN__DUPLICATE_METHOD_MATCH = YES;
				"CODE_SIGN_IDENTITY[sdk=iphoneos*]" = "iPhone Developer";
				COPY_PHASE_STRIP = NO;
				DEBUG_INFORMATION_FORMAT = dwarf;
				ENABLE_STRICT_OBJC_MSGSEND = YES;
				ENABLE_TESTABILITY = YES;
				GCC_C_LANGUAGE_STANDARD = gnu99;
				GCC_DYNAMIC_NO_PIC = NO;
				GCC_NO_COMMON_BLOCKS = YES;
				GCC_OPTIMIZATION_LEVEL = 0;
				GCC_PREPROCESSOR_DEFINITIONS = (
					"DEBUG=1",
					"$(inherited)",
				);
				GCC_WARN_64_TO_32_BIT_CONVERSION = YES;
				GCC_WARN_ABOUT_RETURN_TYPE = YES_ERROR;
				GCC_WARN_UNDECLARED_SELECTOR = YES;
				GCC_WARN_UNINITIALIZED_AUTOS = YES_AGGRESSIVE;
				GCC_WARN_UNUSED_FUNCTION = YES;
				GCC_WARN_UNUSED_VARIABLE = YES;
				IPHONEOS_DEPLOYMENT_TARGET = 9.3;
				MTL_ENABLE_DEBUG_INFO = YES;
				ONLY_ACTIVE_ARCH = YES;
				SDKROOT = iphoneos;
				SWIFT_OPTIMIZATION_LEVEL = "-Onone";
			};
			name = Debug;
		};
		BCA792B41DC0F27800B0AD28 /* Release */ = {
			isa = XCBuildConfiguration;
			buildSettings = {
				ALWAYS_SEARCH_USER_PATHS = NO;
				CLANG_ANALYZER_NONNULL = YES;
				CLANG_CXX_LANGUAGE_STANDARD = "gnu++0x";
				CLANG_CXX_LIBRARY = "libc++";
				CLANG_ENABLE_MODULES = YES;
				CLANG_ENABLE_OBJC_ARC = YES;
				CLANG_WARN_BOOL_CONVERSION = YES;
				CLANG_WARN_CONSTANT_CONVERSION = YES;
				CLANG_WARN_DIRECT_OBJC_ISA_USAGE = YES_ERROR;
				CLANG_WARN_EMPTY_BODY = YES;
				CLANG_WARN_ENUM_CONVERSION = YES;
				CLANG_WARN_INT_CONVERSION = YES;
				CLANG_WARN_OBJC_ROOT_CLASS = YES_ERROR;
				CLANG_WARN_UNREACHABLE_CODE = YES;
				CLANG_WARN__DUPLICATE_METHOD_MATCH = YES;
				"CODE_SIGN_IDENTITY[sdk=iphoneos*]" = "iPhone Developer";
				COPY_PHASE_STRIP = NO;
				DEBUG_INFORMATION_FORMAT = "dwarf-with-dsym";
				ENABLE_NS_ASSERTIONS = NO;
				ENABLE_STRICT_OBJC_MSGSEND = YES;
				GCC_C_LANGUAGE_STANDARD = gnu99;
				GCC_NO_COMMON_BLOCKS = YES;
				GCC_WARN_64_TO_32_BIT_CONVERSION = YES;
				GCC_WARN_ABOUT_RETURN_TYPE = YES_ERROR;
				GCC_WARN_UNDECLARED_SELECTOR = YES;
				GCC_WARN_UNINITIALIZED_AUTOS = YES_AGGRESSIVE;
				GCC_WARN_UNUSED_FUNCTION = YES;
				GCC_WARN_UNUSED_VARIABLE = YES;
				IPHONEOS_DEPLOYMENT_TARGET = 9.3;
				MTL_ENABLE_DEBUG_INFO = NO;
				SDKROOT = iphoneos;
				VALIDATE_PRODUCT = YES;
			};
			name = Release;
		};
		BCA792B61DC0F27800B0AD28 /* Debug */ = {
			isa = XCBuildConfiguration;
			buildSettings = {
				ASSETCATALOG_COMPILER_APPICON_NAME = AppIcon;
				INFOPLIST_FILE = HYReader/Info.plist;
				LD_RUNPATH_SEARCH_PATHS = "$(inherited) @executable_path/Frameworks";
				PRODUCT_BUNDLE_IDENTIFIER = com.hy.HYReader;
				PRODUCT_NAME = "$(TARGET_NAME)";
			};
			name = Debug;
		};
		BCA792B71DC0F27800B0AD28 /* Release */ = {
			isa = XCBuildConfiguration;
			buildSettings = {
				ASSETCATALOG_COMPILER_APPICON_NAME = AppIcon;
				INFOPLIST_FILE = HYReader/Info.plist;
				LD_RUNPATH_SEARCH_PATHS = "$(inherited) @executable_path/Frameworks";
				PRODUCT_BUNDLE_IDENTIFIER = com.hy.HYReader;
				PRODUCT_NAME = "$(TARGET_NAME)";
			};
			name = Release;
		};
/* End XCBuildConfiguration section */

/* Begin XCConfigurationList section */
		BCA7929E1DC0F27500B0AD28 /* Build configuration list for PBXProject "HYReader" */ = {
			isa = XCConfigurationList;
			buildConfigurations = (
				BCA792B31DC0F27800B0AD28 /* Debug */,
				BCA792B41DC0F27800B0AD28 /* Release */,
			);
			defaultConfigurationIsVisible = 0;
			defaultConfigurationName = Release;
		};
		BCA792B51DC0F27800B0AD28 /* Build configuration list for PBXNativeTarget "HYReader" */ = {
			isa = XCConfigurationList;
			buildConfigurations = (
				BCA792B61DC0F27800B0AD28 /* Debug */,
				BCA792B71DC0F27800B0AD28 /* Release */,
			);
			defaultConfigurationIsVisible = 0;
		};
/* End XCConfigurationList section */
	};
	rootObject = BCA7929B1DC0F27500B0AD28 /* Project object */;
}
